
Microsoft Visual Studio Solution File, Format Version 12.00
# Visual Studio 15
VisualStudioVersion = 15.0.27130.2024
MinimumVisualStudioVersion = 10.0.40219.1
Project("{FAE04EC0-301F-11D3-BF4B-00C04F79EFBC}") = "AgilityContentImportConsoleApp", "AgilityContentImportConsoleApp\AgilityContentImportConsoleApp.csproj", "{26C83457-9F81-4CE3-895D-095D324221CC}"
EndProject
Global
	GlobalSection(SolutionConfigurationPlatforms) = preSolution
		Debug|Any CPU = Debug|Any CPU
		Release|Any CPU = Release|Any CPU
	EndGlobalSection
	GlobalSection(ProjectConfigurationPlatforms) = postSolution
		{26C83457-9F81-4CE3-895D-095D324221CC}.Debug|Any CPU.ActiveCfg = Debug|Any CPU
		{26C83457-9F81-4CE3-895D-095D324221CC}.Debug|Any CPU.Build.0 = Debug|Any CPU
		{26C83457-9F81-4CE3-895D-095D324221CC}.Release|Any CPU.ActiveCfg = Release|Any CPU
		{26C83457-9F81-4CE3-895D-095D324221CC}.Release|Any CPU.Build.0 = Release|Any CPU
	EndGlobalSection
	GlobalSection(SolutionProperties) = preSolution
		HideSolutionNode = FALSE
	EndGlobalSection
	GlobalSection(ExtensibilityGlobals) = postSolution
		SolutionGuid = {6F3FD176-8B3E-47F1-8FC6-347DA51B80C0}
	EndGlobalSection
EndGlobal
